<?xml version="1.0" encoding="utf-8"?>
<Project ToolsVersion="4.0" xmlns="http://schemas.microsoft.com/developer/msbuild/2003">
  <ItemGroup>
    <Filter Include="Исходные файлы">
      <UniqueIdentifier>{4FC737F1-C7A5-4376-A066-2A32D752A2FF}</UniqueIdentifier>
      <Extensions>cpp;c;cc;cxx;c++;cppm;ixx;def;odl;idl;hpj;bat;asm;asmx</Extensions>
    </Filter>
    <Filter Include="Файлы заголовков">
      <UniqueIdentifier>{93995380-89BD-4b04-88EB-625FBE52EBFB}</UniqueIdentifier>
      <Extensions>h;hh;hpp;hxx;h++;hm;inl;inc;ipp;xsd</Extensions>
    </Filter>
    <Filter Include="Файлы ресурсов">
      <UniqueIdentifier>{67DA6AB6-F800-4c08-8B7A-83BB121AAD01}</UniqueIdentifier>
      <Extensions>rc;ico;cur;bmp;dlg;rc2;rct;bin;rgs;gif;jpg;jpeg;jpe;resx;tiff;tif;png;wav;mfcribbon-ms</Extensions>
    </Filter>
    <Filter Include="Файлы ресурсов\bcrypt-cpp">
      <UniqueIdentifier>{76e2576e-32df-48ba-bfa7-c80c172730ce}</UniqueIdentifier>
    </Filter>
    <Filter Include="Файлы ресурсов\bcrypt-cpp\include">
      <UniqueIdentifier>{0b28cc52-0389-4d75-8e4e-6e604cc35620}</UniqueIdentifier>
    </Filter>
    <Filter Include="Файлы ресурсов\bcrypt-cpp\src">
      <UniqueIdentifier>{c8d061c3-f5f6-43bc-be5b-4df1d85476ed}</UniqueIdentifier>
    </Filter>
    <Filter Include="Файлы ресурсов\front-end">
      <UniqueIdentifier>{a24b000a-4cd3-4852-8128-32279ecb6a24}</UniqueIdentifier>
    </Filter>
    <Filter Include="Файлы ресурсов\front-end\public">
      <UniqueIdentifier>{698b7a8f-e983-41a6-9264-c70d22658aba}</UniqueIdentifier>
    </Filter>
    <Filter Include="Файлы ресурсов\front-end\src">
      <UniqueIdentifier>{669181a5-7c9e-4d27-962d-2d29849892dd}</UniqueIdentifier>
    </Filter>
    <Filter Include="Файлы ресурсов\front-end\src\components">
      <UniqueIdentifier>{4f81f5b0-a8a6-451d-9a3c-a8c6b268c308}</UniqueIdentifier>
    </Filter>
    <Filter Include="Файлы ресурсов\front-end\src\css">
      <UniqueIdentifier>{f0b41ba0-8928-46be-bcc1-89c08ccacb50}</UniqueIdentifier>
    </Filter>
  </ItemGroup>
  <ItemGroup>
    <ClCompile Include="main.cpp">
      <Filter>Исходные файлы</Filter>
    </ClCompile>
    <ClCompile Include="source\Server.cpp">
      <Filter>Исходные файлы</Filter>
    </ClCompile>
    <ClCompile Include="source\DataBase.cpp">
      <Filter>Исходные файлы</Filter>
    </ClCompile>
    <ClCompile Include="bcrypt-cpp\src\bcrypt.cpp">
      <Filter>Файлы ресурсов\bcrypt-cpp\src</Filter>
    </ClCompile>
    <ClCompile Include="bcrypt-cpp\src\blowfish.cpp">
      <Filter>Файлы ресурсов\bcrypt-cpp\src</Filter>
    </ClCompile>
    <ClCompile Include="source\MessagerHandler.cpp">
      <Filter>Исходные файлы</Filter>
    </ClCompile>
    <ClCompile Include="source\RequestHandler.cpp">
      <Filter>Исходные файлы</Filter>
    </ClCompile>
    <ClCompile Include="source\UserModel.cpp">
      <Filter>Исходные файлы</Filter>
    </ClCompile>
    <ClCompile Include="source\WebSocketUser.cpp">
      <Filter>Исходные файлы</Filter>
    </ClCompile>
  </ItemGroup>
  <ItemGroup>
    <ClInclude Include="header\CommonConst.h">
      <Filter>Файлы заголовков</Filter>
    </ClInclude>
    <ClInclude Include="header\Server.h">
      <Filter>Файлы заголовков</Filter>
    </ClInclude>
    <ClInclude Include="header\DataBase.h">
      <Filter>Файлы заголовков</Filter>
    </ClInclude>
    <ClInclude Include="bcrypt-cpp\src\node_blf.h">
      <Filter>Файлы ресурсов\bcrypt-cpp\src</Filter>
    </ClInclude>
    <ClInclude Include="bcrypt-cpp\src\openbsd.h">
      <Filter>Файлы ресурсов\bcrypt-cpp\src</Filter>
    </ClInclude>
    <ClInclude Include="bcrypt-cpp\include\bcrypt.h">
      <Filter>Файлы ресурсов\bcrypt-cpp\include</Filter>
    </ClInclude>
    <ClInclude Include="header\MessagerHandler.h">
      <Filter>Файлы заголовков</Filter>
    </ClInclude>
    <ClInclude Include="header\RequestHandler.h">
      <Filter>Файлы заголовков</Filter>
    </ClInclude>
    <ClInclude Include="header\UserModel.h">
      <Filter>Файлы заголовков</Filter>
    </ClInclude>
    <ClInclude Include="header\WebSocketUser.h">
      <Filter>Файлы заголовков</Filter>
    </ClInclude>
  </ItemGroup>
  <ItemGroup>
    <None Include="web-files\front-end\package.json" />
    <None Include="web-files\front-end\package-lock.json" />
    <None Include="web-files\front-end\tailwind.config.js" />
    <None Include="web-files\front-end\src\App.css" />
    <None Include="web-files\front-end\src\App.js" />
    <None Include="web-files\front-end\src\index.css" />
    <None Include="web-files\front-end\src\index.js" />
    <None Include="web-files\front-end\src\login.js" />
    <None Include="web-files\front-end\src\signup.js" />
    <None Include="web-files\front-end\src\components\BurgerMenu.jsx" />
    <None Include="web-files\front-end\src\components\Client.jsx" />
    <None Include="web-files\front-end\src\components\SendForm.jsx" />
    <None Include="web-files\front-end\src\components\SignUpLogin.jsx" />
    <None Include="web-files\front-end\src\css\burger.css" />
    <None Include="web-files\front-end\src\css\form.css" />
    <None Include="web-files\front-end\src\css\sign.css" />
  </ItemGroup>
</Project>